
Microsoft Visual Studio Solution File, Format Version 12.00
# Visual Studio Version 16
VisualStudioVersion = 16.0.32630.195
MinimumVisualStudioVersion = 10.0.40219.1
Project("{FAE04EC0-301F-11D3-BF4B-00C04F79EFBC}") = "MundialApiPet", "MundialApiPet.csproj", "{02B57229-B231-49B6-8C17-BA79F748967B}"
EndProject
Global
	GlobalSection(SolutionConfigurationPlatforms) = preSolution
		Debug|Any CPU = Debug|Any CPU
		Release|Any CPU = Release|Any CPU
	EndGlobalSection
	GlobalSection(ProjectConfigurationPlatforms) = postSolution
		{02B57229-B231-49B6-8C17-BA79F748967B}.Debug|Any CPU.ActiveCfg = Debug|Any CPU
		{02B57229-B231-49B6-8C17-BA79F748967B}.Debug|Any CPU.Build.0 = Debug|Any CPU
		{02B57229-B231-49B6-8C17-BA79F748967B}.Release|Any CPU.ActiveCfg = Release|Any CPU
		{02B57229-B231-49B6-8C17-BA79F748967B}.Release|Any CPU.Build.0 = Release|Any CPU
	EndGlobalSection
	GlobalSection(SolutionProperties) = preSolution
		HideSolutionNode = FALSE
	EndGlobalSection
	GlobalSection(ExtensibilityGlobals) = postSolution
		SolutionGuid = {30D383EB-8E3B-4A6A-BB11-6D25760A25D2}
	EndGlobalSection
EndGlobal
